
Microsoft Visual Studio Solution File, Format Version 12.00
# Visual Studio Version 17
VisualStudioVersion = 17.3.32922.545
MinimumVisualStudioVersion = 10.0.40219.1
Project("{888888A0-9F3D-457C-B088-3A5042F75D52}") = "FirstOfItsPython", "FirstOfItsPython\FirstOfItsPython.pyproj", "{8246238C-1CB3-4424-B6EE-F35F4DFA4045}"
EndProject
Global
	GlobalSection(SolutionConfigurationPlatforms) = preSolution
		Debug|Any CPU = Debug|Any CPU
		Release|Any CPU = Release|Any CPU
	EndGlobalSection
	GlobalSection(ProjectConfigurationPlatforms) = postSolution
		{8246238C-1CB3-4424-B6EE-F35F4DFA4045}.Debug|Any CPU.ActiveCfg = Debug|Any CPU
		{8246238C-1CB3-4424-B6EE-F35F4DFA4045}.Release|Any CPU.ActiveCfg = Release|Any CPU
	EndGlobalSection
	GlobalSection(SolutionProperties) = preSolution
		HideSolutionNode = FALSE
	EndGlobalSection
	GlobalSection(ExtensibilityGlobals) = postSolution
		SolutionGuid = {2E6DC46D-5356-41ED-8B55-3A4C152D50DF}
	EndGlobalSection
EndGlobal
